// !$*UTF8*$!
{
	archiveVersion = 1;
	classes = {
	};
	objectVersion = 56;
	objects = {

/* Begin PBXBuildFile section */
		6B8C87D820EDD1E795991C7F /* Pods_Newlife.framework in Frameworks */ = {isa = PBXBuildFile; fileRef = 93ABB08767E1DE20381C1D45 /* Pods_Newlife.framework */; };
		C30263802AFA7A2E005437BB /* NewsDetailView.swift in Sources */ = {isa = PBXBuildFile; fileRef = C302637F2AFA7A2E005437BB /* NewsDetailView.swift */; };
		C3366C382AF6F80E007CF373 /* SettingsViewModel.swift in Sources */ = {isa = PBXBuildFile; fileRef = C3366C372AF6F80E007CF373 /* SettingsViewModel.swift */; };
		C343176B2AF9BD45007B59A8 /* LocationManager.swift in Sources */ = {isa = PBXBuildFile; fileRef = C343176A2AF9BD45007B59A8 /* LocationManager.swift */; };
		C36CEC3A2AF803B1000CE30D /* PrivacyPolicyView.swift in Sources */ = {isa = PBXBuildFile; fileRef = C36CEC392AF803B1000CE30D /* PrivacyPolicyView.swift */; };
		C36CEC3C2AF811D7000CE30D /* TermsAndConditionsView.swift in Sources */ = {isa = PBXBuildFile; fileRef = C36CEC3B2AF811D7000CE30D /* TermsAndConditionsView.swift */; };
		C36CEC3F2AF81424000CE30D /* BackButton.swift in Sources */ = {isa = PBXBuildFile; fileRef = C36CEC3E2AF81424000CE30D /* BackButton.swift */; };
		C36CEC412AF81728000CE30D /* LicenseView.swift in Sources */ = {isa = PBXBuildFile; fileRef = C36CEC402AF81728000CE30D /* LicenseView.swift */; };
		C36CEC442AF81AD6000CE30D /* CodeScanner in Frameworks */ = {isa = PBXBuildFile; productRef = C36CEC432AF81AD6000CE30D /* CodeScanner */; };
		C372F3912AF50DA30094450E /* NewsItem.swift in Sources */ = {isa = PBXBuildFile; fileRef = C372F3902AF50DA30094450E /* NewsItem.swift */; };
		C372F3952AF50FE10094450E /* HomeView.swift in Sources */ = {isa = PBXBuildFile; fileRef = C372F3942AF50FE10094450E /* HomeView.swift */; };
		C372F3972AF50FEE0094450E /* ViewInsideScanView.swift in Sources */ = {isa = PBXBuildFile; fileRef = C372F3962AF50FEE0094450E /* ViewInsideScanView.swift */; };
		C372F3992AF50FF90094450E /* MapView.swift in Sources */ = {isa = PBXBuildFile; fileRef = C372F3982AF50FF90094450E /* MapView.swift */; };
		C372F39B2AF510020094450E /* SettingsView.swift in Sources */ = {isa = PBXBuildFile; fileRef = C372F39A2AF510020094450E /* SettingsView.swift */; };
		C372F39F2AF529740094450E /* Tab.swift in Sources */ = {isa = PBXBuildFile; fileRef = C372F39E2AF529740094450E /* Tab.swift */; };
		C372F3A22AF529C00094450E /* TabBarView.swift in Sources */ = {isa = PBXBuildFile; fileRef = C372F3A12AF529C00094450E /* TabBarView.swift */; };
		C372F3A42AF529DA0094450E /* TabShape.swift in Sources */ = {isa = PBXBuildFile; fileRef = C372F3A32AF529DA0094450E /* TabShape.swift */; };
		C372F3A62AF529EE0094450E /* TabPosition.swift in Sources */ = {isa = PBXBuildFile; fileRef = C372F3A52AF529EE0094450E /* TabPosition.swift */; };
		C372F3A82AF5352E0094450E /* ContentView.swift in Sources */ = {isa = PBXBuildFile; fileRef = C372F3A72AF5352E0094450E /* ContentView.swift */; };
		C38C408D2AF3A10A00652E39 /* NewlifeApp.swift in Sources */ = {isa = PBXBuildFile; fileRef = C38C408C2AF3A10A00652E39 /* NewlifeApp.swift */; };
		C38C408F2AF3A10A00652E39 /* NewsView.swift in Sources */ = {isa = PBXBuildFile; fileRef = C38C408E2AF3A10A00652E39 /* NewsView.swift */; };
		C38C40912AF3A10C00652E39 /* Assets.xcassets in Resources */ = {isa = PBXBuildFile; fileRef = C38C40902AF3A10C00652E39 /* Assets.xcassets */; };
		C38C40942AF3A10C00652E39 /* Preview Assets.xcassets in Resources */ = {isa = PBXBuildFile; fileRef = C38C40932AF3A10C00652E39 /* Preview Assets.xcassets */; };
		C38C409E2AF3A10D00652E39 /* NewlifeTests.swift in Sources */ = {isa = PBXBuildFile; fileRef = C38C409D2AF3A10D00652E39 /* NewlifeTests.swift */; };
		C38C40A82AF3A10D00652E39 /* NewlifeUITests.swift in Sources */ = {isa = PBXBuildFile; fileRef = C38C40A72AF3A10D00652E39 /* NewlifeUITests.swift */; };
		C38C40AA2AF3A10D00652E39 /* NewlifeUITestsLaunchTests.swift in Sources */ = {isa = PBXBuildFile; fileRef = C38C40A92AF3A10D00652E39 /* NewlifeUITestsLaunchTests.swift */; };
		C38C40B82AF3B24200652E39 /* Launch Screen.storyboard in Resources */ = {isa = PBXBuildFile; fileRef = C38C40B72AF3B24200652E39 /* Launch Screen.storyboard */; };
		C3D894C62AF81D26005A3FA7 /* ScannerDataViewModel.swift in Sources */ = {isa = PBXBuildFile; fileRef = C3D894C52AF81D26005A3FA7 /* ScannerDataViewModel.swift */; };
		C3D894C82AF81D8B005A3FA7 /* DataScannerView.swift in Sources */ = {isa = PBXBuildFile; fileRef = C3D894C72AF81D8B005A3FA7 /* DataScannerView.swift */; };
		C3D894CA2AF8209B005A3FA7 /* ScanView.swift in Sources */ = {isa = PBXBuildFile; fileRef = C3D894C92AF8209B005A3FA7 /* ScanView.swift */; };
		C3FBFCAA2AF5459000A907D3 /* NewsListView.swift in Sources */ = {isa = PBXBuildFile; fileRef = C3FBFCA92AF5459000A907D3 /* NewsListView.swift */; };
		C3FBFCAC2AF5607100A907D3 /* NewsModel.swift in Sources */ = {isa = PBXBuildFile; fileRef = C3FBFCAB2AF5607100A907D3 /* NewsModel.swift */; };
/* End PBXBuildFile section */

/* Begin PBXContainerItemProxy section */
		C38C409A2AF3A10D00652E39 /* PBXContainerItemProxy */ = {
			isa = PBXContainerItemProxy;
			containerPortal = C38C40812AF3A10A00652E39 /* Project object */;
			proxyType = 1;
			remoteGlobalIDString = C38C40882AF3A10A00652E39;
			remoteInfo = Newlife;
		};
		C38C40A42AF3A10D00652E39 /* PBXContainerItemProxy */ = {
			isa = PBXContainerItemProxy;
			containerPortal = C38C40812AF3A10A00652E39 /* Project object */;
			proxyType = 1;
			remoteGlobalIDString = C38C40882AF3A10A00652E39;
			remoteInfo = Newlife;
		};
/* End PBXContainerItemProxy section */

/* Begin PBXFileReference section */
		5503C9DEEE399FFEF04144F8 /* Pods-Newlife.release.xcconfig */ = {isa = PBXFileReference; includeInIndex = 1; lastKnownFileType = text.xcconfig; name = "Pods-Newlife.release.xcconfig"; path = "Target Support Files/Pods-Newlife/Pods-Newlife.release.xcconfig"; sourceTree = "<group>"; };
		93ABB08767E1DE20381C1D45 /* Pods_Newlife.framework */ = {isa = PBXFileReference; explicitFileType = wrapper.framework; includeInIndex = 0; path = Pods_Newlife.framework; sourceTree = BUILT_PRODUCTS_DIR; };
		A7C3A8BA9C663DB32A413388 /* Pods-Newlife.debug.xcconfig */ = {isa = PBXFileReference; includeInIndex = 1; lastKnownFileType = text.xcconfig; name = "Pods-Newlife.debug.xcconfig"; path = "Target Support Files/Pods-Newlife/Pods-Newlife.debug.xcconfig"; sourceTree = "<group>"; };
		C302637F2AFA7A2E005437BB /* NewsDetailView.swift */ = {isa = PBXFileReference; lastKnownFileType = sourcecode.swift; path = NewsDetailView.swift; sourceTree = "<group>"; };
		C3366C372AF6F80E007CF373 /* SettingsViewModel.swift */ = {isa = PBXFileReference; lastKnownFileType = sourcecode.swift; path = SettingsViewModel.swift; sourceTree = "<group>"; };
		C343176A2AF9BD45007B59A8 /* LocationManager.swift */ = {isa = PBXFileReference; lastKnownFileType = sourcecode.swift; path = LocationManager.swift; sourceTree = "<group>"; };
		C36CEC392AF803B1000CE30D /* PrivacyPolicyView.swift */ = {isa = PBXFileReference; lastKnownFileType = sourcecode.swift; path = PrivacyPolicyView.swift; sourceTree = "<group>"; };
		C36CEC3B2AF811D7000CE30D /* TermsAndConditionsView.swift */ = {isa = PBXFileReference; lastKnownFileType = sourcecode.swift; path = TermsAndConditionsView.swift; sourceTree = "<group>"; };
		C36CEC3E2AF81424000CE30D /* BackButton.swift */ = {isa = PBXFileReference; lastKnownFileType = sourcecode.swift; path = BackButton.swift; sourceTree = "<group>"; };
		C36CEC402AF81728000CE30D /* LicenseView.swift */ = {isa = PBXFileReference; lastKnownFileType = sourcecode.swift; path = LicenseView.swift; sourceTree = "<group>"; };
		C372F3902AF50DA30094450E /* NewsItem.swift */ = {isa = PBXFileReference; lastKnownFileType = sourcecode.swift; path = NewsItem.swift; sourceTree = "<group>"; };
		C372F3942AF50FE10094450E /* HomeView.swift */ = {isa = PBXFileReference; lastKnownFileType = sourcecode.swift; path = HomeView.swift; sourceTree = "<group>"; };
		C372F3962AF50FEE0094450E /* ViewInsideScanView.swift */ = {isa = PBXFileReference; lastKnownFileType = sourcecode.swift; path = ViewInsideScanView.swift; sourceTree = "<group>"; };
		C372F3982AF50FF90094450E /* MapView.swift */ = {isa = PBXFileReference; lastKnownFileType = sourcecode.swift; path = MapView.swift; sourceTree = "<group>"; };
		C372F39A2AF510020094450E /* SettingsView.swift */ = {isa = PBXFileReference; lastKnownFileType = sourcecode.swift; path = SettingsView.swift; sourceTree = "<group>"; };
		C372F39E2AF529740094450E /* Tab.swift */ = {isa = PBXFileReference; lastKnownFileType = sourcecode.swift; path = Tab.swift; sourceTree = "<group>"; };
		C372F3A12AF529C00094450E /* TabBarView.swift */ = {isa = PBXFileReference; lastKnownFileType = sourcecode.swift; path = TabBarView.swift; sourceTree = "<group>"; };
		C372F3A32AF529DA0094450E /* TabShape.swift */ = {isa = PBXFileReference; lastKnownFileType = sourcecode.swift; path = TabShape.swift; sourceTree = "<group>"; };
		C372F3A52AF529EE0094450E /* TabPosition.swift */ = {isa = PBXFileReference; lastKnownFileType = sourcecode.swift; path = TabPosition.swift; sourceTree = "<group>"; };
		C372F3A72AF5352E0094450E /* ContentView.swift */ = {isa = PBXFileReference; lastKnownFileType = sourcecode.swift; path = ContentView.swift; sourceTree = "<group>"; };
		C38C40892AF3A10A00652E39 /* Newlife.app */ = {isa = PBXFileReference; explicitFileType = wrapper.application; includeInIndex = 0; path = Newlife.app; sourceTree = BUILT_PRODUCTS_DIR; };
		C38C408C2AF3A10A00652E39 /* NewlifeApp.swift */ = {isa = PBXFileReference; lastKnownFileType = sourcecode.swift; path = NewlifeApp.swift; sourceTree = "<group>"; };
		C38C408E2AF3A10A00652E39 /* NewsView.swift */ = {isa = PBXFileReference; lastKnownFileType = sourcecode.swift; path = NewsView.swift; sourceTree = "<group>"; };
		C38C40902AF3A10C00652E39 /* Assets.xcassets */ = {isa = PBXFileReference; lastKnownFileType = folder.assetcatalog; path = Assets.xcassets; sourceTree = "<group>"; };
		C38C40932AF3A10C00652E39 /* Preview Assets.xcassets */ = {isa = PBXFileReference; lastKnownFileType = folder.assetcatalog; path = "Preview Assets.xcassets"; sourceTree = "<group>"; };
		C38C40992AF3A10D00652E39 /* NewlifeTests.xctest */ = {isa = PBXFileReference; explicitFileType = wrapper.cfbundle; includeInIndex = 0; path = NewlifeTests.xctest; sourceTree = BUILT_PRODUCTS_DIR; };
		C38C409D2AF3A10D00652E39 /* NewlifeTests.swift */ = {isa = PBXFileReference; lastKnownFileType = sourcecode.swift; path = NewlifeTests.swift; sourceTree = "<group>"; };
		C38C40A32AF3A10D00652E39 /* NewlifeUITests.xctest */ = {isa = PBXFileReference; explicitFileType = wrapper.cfbundle; includeInIndex = 0; path = NewlifeUITests.xctest; sourceTree = BUILT_PRODUCTS_DIR; };
		C38C40A72AF3A10D00652E39 /* NewlifeUITests.swift */ = {isa = PBXFileReference; lastKnownFileType = sourcecode.swift; path = NewlifeUITests.swift; sourceTree = "<group>"; };
		C38C40A92AF3A10D00652E39 /* NewlifeUITestsLaunchTests.swift */ = {isa = PBXFileReference; lastKnownFileType = sourcecode.swift; path = NewlifeUITestsLaunchTests.swift; sourceTree = "<group>"; };
		C38C40B62AF3ACA400652E39 /* Info.plist */ = {isa = PBXFileReference; lastKnownFileType = text.plist; path = Info.plist; sourceTree = "<group>"; };
		C38C40B72AF3B24200652E39 /* Launch Screen.storyboard */ = {isa = PBXFileReference; lastKnownFileType = file.storyboard; path = "Launch Screen.storyboard"; sourceTree = "<group>"; };
		C3D894C52AF81D26005A3FA7 /* ScannerDataViewModel.swift */ = {isa = PBXFileReference; lastKnownFileType = sourcecode.swift; path = ScannerDataViewModel.swift; sourceTree = "<group>"; };
		C3D894C72AF81D8B005A3FA7 /* DataScannerView.swift */ = {isa = PBXFileReference; lastKnownFileType = sourcecode.swift; path = DataScannerView.swift; sourceTree = "<group>"; };
		C3D894C92AF8209B005A3FA7 /* ScanView.swift */ = {isa = PBXFileReference; lastKnownFileType = sourcecode.swift; path = ScanView.swift; sourceTree = "<group>"; };
		C3FBFCA92AF5459000A907D3 /* NewsListView.swift */ = {isa = PBXFileReference; lastKnownFileType = sourcecode.swift; path = NewsListView.swift; sourceTree = "<group>"; };
		C3FBFCAB2AF5607100A907D3 /* NewsModel.swift */ = {isa = PBXFileReference; lastKnownFileType = sourcecode.swift; path = NewsModel.swift; sourceTree = "<group>"; };
/* End PBXFileReference section */

/* Begin PBXFrameworksBuildPhase section */
		C38C40862AF3A10A00652E39 /* Frameworks */ = {
			isa = PBXFrameworksBuildPhase;
			buildActionMask = 2147483647;
			files = (
				C36CEC442AF81AD6000CE30D /* CodeScanner in Frameworks */,
				6B8C87D820EDD1E795991C7F /* Pods_Newlife.framework in Frameworks */,
			);
			runOnlyForDeploymentPostprocessing = 0;
		};
		C38C40962AF3A10D00652E39 /* Frameworks */ = {
			isa = PBXFrameworksBuildPhase;
			buildActionMask = 2147483647;
			files = (
			);
			runOnlyForDeploymentPostprocessing = 0;
		};
		C38C40A02AF3A10D00652E39 /* Frameworks */ = {
			isa = PBXFrameworksBuildPhase;
			buildActionMask = 2147483647;
			files = (
			);
			runOnlyForDeploymentPostprocessing = 0;
		};
/* End PBXFrameworksBuildPhase section */

/* Begin PBXGroup section */
		5E938FF5FB4F492E5C98A464 /* Pods */ = {
			isa = PBXGroup;
			children = (
				A7C3A8BA9C663DB32A413388 /* Pods-Newlife.debug.xcconfig */,
				5503C9DEEE399FFEF04144F8 /* Pods-Newlife.release.xcconfig */,
			);
			path = Pods;
			sourceTree = "<group>";
		};
		8BD5907CB85ECAB662011A43 /* Frameworks */ = {
			isa = PBXGroup;
			children = (
				93ABB08767E1DE20381C1D45 /* Pods_Newlife.framework */,
			);
			name = Frameworks;
			sourceTree = "<group>";
		};
		C302637E2AFA7A19005437BB /* News */ = {
			isa = PBXGroup;
			children = (
				C38C408E2AF3A10A00652E39 /* NewsView.swift */,
				C302637F2AFA7A2E005437BB /* NewsDetailView.swift */,
			);
			path = News;
			sourceTree = "<group>";
		};
		C3366C352AF6E953007CF373 /* ViewModels */ = {
			isa = PBXGroup;
			children = (
				C3366C372AF6F80E007CF373 /* SettingsViewModel.swift */,
			);
			path = ViewModels;
			sourceTree = "<group>";
		};
		C3366C362AF6ED2D007CF373 /* App */ = {
			isa = PBXGroup;
			children = (
			);
			path = App;
			sourceTree = "<group>";
		};
		C34317692AF9BD2F007B59A8 /* Map */ = {
			isa = PBXGroup;
			children = (
				C372F3982AF50FF90094450E /* MapView.swift */,
				C343176A2AF9BD45007B59A8 /* LocationManager.swift */,
			);
			path = Map;
			sourceTree = "<group>";
		};
		C36CEC382AF8039B000CE30D /* Settings */ = {
			isa = PBXGroup;
			children = (
				C372F39A2AF510020094450E /* SettingsView.swift */,
				C36CEC392AF803B1000CE30D /* PrivacyPolicyView.swift */,
				C36CEC3B2AF811D7000CE30D /* TermsAndConditionsView.swift */,
				C36CEC402AF81728000CE30D /* LicenseView.swift */,
			);
			path = Settings;
			sourceTree = "<group>";
		};
		C36CEC3D2AF81418000CE30D /* Support */ = {
			isa = PBXGroup;
			children = (
				C36CEC3E2AF81424000CE30D /* BackButton.swift */,
			);
			path = Support;
			sourceTree = "<group>";
		};
		C372F38C2AF5039E0094450E /* UIItems */ = {
			isa = PBXGroup;
			children = (
				C372F3A02AF5298C0094450E /* TabBar */,
				C38C40B72AF3B24200652E39 /* Launch Screen.storyboard */,
				C3FBFCA92AF5459000A907D3 /* NewsListView.swift */,
			);
			path = UIItems;
			sourceTree = "<group>";
		};
		C372F38F2AF50D960094450E /* Items */ = {
			isa = PBXGroup;
			children = (
				C372F38C2AF5039E0094450E /* UIItems */,
				C372F3902AF50DA30094450E /* NewsItem.swift */,
			);
			path = Items;
			sourceTree = "<group>";
		};
		C372F39C2AF5100D0094450E /* Views */ = {
			isa = PBXGroup;
			children = (
				C34317692AF9BD2F007B59A8 /* Map */,
				C302637E2AFA7A19005437BB /* News */,
				C36CEC382AF8039B000CE30D /* Settings */,
				C3D894C42AF81D06005A3FA7 /* Scan */,
				C3AB94DC2AFABD2B002A4CC5 /* Home */,
				C372F3A72AF5352E0094450E /* ContentView.swift */,
			);
			path = Views;
			sourceTree = "<group>";
		};
		C372F39D2AF529460094450E /* Model */ = {
			isa = PBXGroup;
			children = (
				C372F39E2AF529740094450E /* Tab.swift */,
				C3FBFCAB2AF5607100A907D3 /* NewsModel.swift */,
			);
			path = Model;
			sourceTree = "<group>";
		};
		C372F3A02AF5298C0094450E /* TabBar */ = {
			isa = PBXGroup;
			children = (
				C372F3A12AF529C00094450E /* TabBarView.swift */,
				C372F3A32AF529DA0094450E /* TabShape.swift */,
				C372F3A52AF529EE0094450E /* TabPosition.swift */,
			);
			path = TabBar;
			sourceTree = "<group>";
		};
		C38C40802AF3A10A00652E39 = {
			isa = PBXGroup;
			children = (
				C36CEC3D2AF81418000CE30D /* Support */,
				C3366C362AF6ED2D007CF373 /* App */,
				C3366C352AF6E953007CF373 /* ViewModels */,
				C372F39D2AF529460094450E /* Model */,
				C372F38F2AF50D960094450E /* Items */,
				C372F39C2AF5100D0094450E /* Views */,
				C38C408B2AF3A10A00652E39 /* Newlife */,
				C38C409C2AF3A10D00652E39 /* NewlifeTests */,
				C38C40A62AF3A10D00652E39 /* NewlifeUITests */,
				C38C408A2AF3A10A00652E39 /* Products */,
				5E938FF5FB4F492E5C98A464 /* Pods */,
				8BD5907CB85ECAB662011A43 /* Frameworks */,
			);
			sourceTree = "<group>";
		};
		C38C408A2AF3A10A00652E39 /* Products */ = {
			isa = PBXGroup;
			children = (
				C38C40892AF3A10A00652E39 /* Newlife.app */,
				C38C40992AF3A10D00652E39 /* NewlifeTests.xctest */,
				C38C40A32AF3A10D00652E39 /* NewlifeUITests.xctest */,
			);
			name = Products;
			sourceTree = "<group>";
		};
		C38C408B2AF3A10A00652E39 /* Newlife */ = {
			isa = PBXGroup;
			children = (
				C38C40B62AF3ACA400652E39 /* Info.plist */,
				C38C408C2AF3A10A00652E39 /* NewlifeApp.swift */,
				C38C40902AF3A10C00652E39 /* Assets.xcassets */,
				C38C40922AF3A10C00652E39 /* Preview Content */,
			);
			path = Newlife;
			sourceTree = "<group>";
		};
		C38C40922AF3A10C00652E39 /* Preview Content */ = {
			isa = PBXGroup;
			children = (
				C38C40932AF3A10C00652E39 /* Preview Assets.xcassets */,
			);
			path = "Preview Content";
			sourceTree = "<group>";
		};
		C38C409C2AF3A10D00652E39 /* NewlifeTests */ = {
			isa = PBXGroup;
			children = (
				C38C409D2AF3A10D00652E39 /* NewlifeTests.swift */,
			);
			path = NewlifeTests;
			sourceTree = "<group>";
		};
		C38C40A62AF3A10D00652E39 /* NewlifeUITests */ = {
			isa = PBXGroup;
			children = (
				C38C40A72AF3A10D00652E39 /* NewlifeUITests.swift */,
				C38C40A92AF3A10D00652E39 /* NewlifeUITestsLaunchTests.swift */,
			);
			path = NewlifeUITests;
			sourceTree = "<group>";
		};
		C3AB94DC2AFABD2B002A4CC5 /* Home */ = {
			isa = PBXGroup;
			children = (
				C372F3942AF50FE10094450E /* HomeView.swift */,
			);
			path = Home;
			sourceTree = "<group>";
		};
		C3D894C42AF81D06005A3FA7 /* Scan */ = {
			isa = PBXGroup;
			children = (
				C372F3962AF50FEE0094450E /* ViewInsideScanView.swift */,
				C3D894C52AF81D26005A3FA7 /* ScannerDataViewModel.swift */,
				C3D894C72AF81D8B005A3FA7 /* DataScannerView.swift */,
				C3D894C92AF8209B005A3FA7 /* ScanView.swift */,
			);
			path = Scan;
			sourceTree = "<group>";
		};
/* End PBXGroup section */

/* Begin PBXNativeTarget section */
		C38C40882AF3A10A00652E39 /* Newlife */ = {
			isa = PBXNativeTarget;
			buildConfigurationList = C38C40AD2AF3A10D00652E39 /* Build configuration list for PBXNativeTarget "Newlife" */;
			buildPhases = (
				EFF9428A74CEFD2D32BA1B59 /* [CP] Check Pods Manifest.lock */,
				C38C40852AF3A10A00652E39 /* Sources */,
				C38C40862AF3A10A00652E39 /* Frameworks */,
				C38C40872AF3A10A00652E39 /* Resources */,
				4EB981E4B498A22CFA5AB1DF /* [CP] Embed Pods Frameworks */,
			);
			buildRules = (
			);
			dependencies = (
			);
			name = Newlife;
			packageProductDependencies = (
				C36CEC432AF81AD6000CE30D /* CodeScanner */,
			);
			productName = Newlife;
			productReference = C38C40892AF3A10A00652E39 /* Newlife.app */;
			productType = "com.apple.product-type.application";
		};
		C38C40982AF3A10D00652E39 /* NewlifeTests */ = {
			isa = PBXNativeTarget;
			buildConfigurationList = C38C40B02AF3A10D00652E39 /* Build configuration list for PBXNativeTarget "NewlifeTests" */;
			buildPhases = (
				C38C40952AF3A10D00652E39 /* Sources */,
				C38C40962AF3A10D00652E39 /* Frameworks */,
				C38C40972AF3A10D00652E39 /* Resources */,
			);
			buildRules = (
			);
			dependencies = (
				C38C409B2AF3A10D00652E39 /* PBXTargetDependency */,
			);
			name = NewlifeTests;
			productName = NewlifeTests;
			productReference = C38C40992AF3A10D00652E39 /* NewlifeTests.xctest */;
			productType = "com.apple.product-type.bundle.unit-test";
		};
		C38C40A22AF3A10D00652E39 /* NewlifeUITests */ = {
			isa = PBXNativeTarget;
			buildConfigurationList = C38C40B32AF3A10D00652E39 /* Build configuration list for PBXNativeTarget "NewlifeUITests" */;
			buildPhases = (
				C38C409F2AF3A10D00652E39 /* Sources */,
				C38C40A02AF3A10D00652E39 /* Frameworks */,
				C38C40A12AF3A10D00652E39 /* Resources */,
			);
			buildRules = (
			);
			dependencies = (
				C38C40A52AF3A10D00652E39 /* PBXTargetDependency */,
			);
			name = NewlifeUITests;
			productName = NewlifeUITests;
			productReference = C38C40A32AF3A10D00652E39 /* NewlifeUITests.xctest */;
			productType = "com.apple.product-type.bundle.ui-testing";
		};
/* End PBXNativeTarget section */

/* Begin PBXProject section */
		C38C40812AF3A10A00652E39 /* Project object */ = {
			isa = PBXProject;
			attributes = {
				BuildIndependentTargetsInParallel = 1;
				LastSwiftUpdateCheck = 1500;
				LastUpgradeCheck = 1500;
				TargetAttributes = {
					C38C40882AF3A10A00652E39 = {
						CreatedOnToolsVersion = 15.0.1;
					};
					C38C40982AF3A10D00652E39 = {
						CreatedOnToolsVersion = 15.0.1;
						TestTargetID = C38C40882AF3A10A00652E39;
					};
					C38C40A22AF3A10D00652E39 = {
						CreatedOnToolsVersion = 15.0.1;
						TestTargetID = C38C40882AF3A10A00652E39;
					};
				};
			};
			buildConfigurationList = C38C40842AF3A10A00652E39 /* Build configuration list for PBXProject "Newlife" */;
			compatibilityVersion = "Xcode 14.0";
			developmentRegion = en;
			hasScannedForEncodings = 0;
			knownRegions = (
				en,
				Base,
			);
			mainGroup = C38C40802AF3A10A00652E39;
			packageReferences = (
				C36CEC422AF81AD6000CE30D /* XCRemoteSwiftPackageReference "CodeScanner" */,
			);
			productRefGroup = C38C408A2AF3A10A00652E39 /* Products */;
			projectDirPath = "";
			projectRoot = "";
			targets = (
				C38C40882AF3A10A00652E39 /* Newlife */,
				C38C40982AF3A10D00652E39 /* NewlifeTests */,
				C38C40A22AF3A10D00652E39 /* NewlifeUITests */,
			);
		};
/* End PBXProject section */

/* Begin PBXResourcesBuildPhase section */
		C38C40872AF3A10A00652E39 /* Resources */ = {
			isa = PBXResourcesBuildPhase;
			buildActionMask = 2147483647;
			files = (
				C38C40B82AF3B24200652E39 /* Launch Screen.storyboard in Resources */,
				C38C40942AF3A10C00652E39 /* Preview Assets.xcassets in Resources */,
				C38C40912AF3A10C00652E39 /* Assets.xcassets in Resources */,
			);
			runOnlyForDeploymentPostprocessing = 0;
		};
		C38C40972AF3A10D00652E39 /* Resources */ = {
			isa = PBXResourcesBuildPhase;
			buildActionMask = 2147483647;
			files = (
			);
			runOnlyForDeploymentPostprocessing = 0;
		};
		C38C40A12AF3A10D00652E39 /* Resources */ = {
			isa = PBXResourcesBuildPhase;
			buildActionMask = 2147483647;
			files = (
			);
			runOnlyForDeploymentPostprocessing = 0;
		};
/* End PBXResourcesBuildPhase section */

/* Begin PBXShellScriptBuildPhase section */
		4EB981E4B498A22CFA5AB1DF /* [CP] Embed Pods Frameworks */ = {
			isa = PBXShellScriptBuildPhase;
			buildActionMask = 2147483647;
			files = (
			);
			inputFileListPaths = (
				"${PODS_ROOT}/Target Support Files/Pods-Newlife/Pods-Newlife-frameworks-${CONFIGURATION}-input-files.xcfilelist",
			);
			name = "[CP] Embed Pods Frameworks";
			outputFileListPaths = (
				"${PODS_ROOT}/Target Support Files/Pods-Newlife/Pods-Newlife-frameworks-${CONFIGURATION}-output-files.xcfilelist",
			);
			runOnlyForDeploymentPostprocessing = 0;
			shellPath = /bin/sh;
			shellScript = "\"${PODS_ROOT}/Target Support Files/Pods-Newlife/Pods-Newlife-frameworks.sh\"\n";
			showEnvVarsInLog = 0;
		};
		EFF9428A74CEFD2D32BA1B59 /* [CP] Check Pods Manifest.lock */ = {
			isa = PBXShellScriptBuildPhase;
			buildActionMask = 2147483647;
			files = (
			);
			inputFileListPaths = (
			);
			inputPaths = (
				"${PODS_PODFILE_DIR_PATH}/Podfile.lock",
				"${PODS_ROOT}/Manifest.lock",
			);
			name = "[CP] Check Pods Manifest.lock";
			outputFileListPaths = (
			);
			outputPaths = (
				"$(DERIVED_FILE_DIR)/Pods-Newlife-checkManifestLockResult.txt",
			);
			runOnlyForDeploymentPostprocessing = 0;
			shellPath = /bin/sh;
			shellScript = "diff \"${PODS_PODFILE_DIR_PATH}/Podfile.lock\" \"${PODS_ROOT}/Manifest.lock\" > /dev/null\nif [ $? != 0 ] ; then\n    # print error to STDERR\n    echo \"error: The sandbox is not in sync with the Podfile.lock. Run 'pod install' or update your CocoaPods installation.\" >&2\n    exit 1\nfi\n# This output is used by Xcode 'outputs' to avoid re-running this script phase.\necho \"SUCCESS\" > \"${SCRIPT_OUTPUT_FILE_0}\"\n";
			showEnvVarsInLog = 0;
		};
/* End PBXShellScriptBuildPhase section */

/* Begin PBXSourcesBuildPhase section */
		C38C40852AF3A10A00652E39 /* Sources */ = {
			isa = PBXSourcesBuildPhase;
			buildActionMask = 2147483647;
			files = (
				C3FBFCAC2AF5607100A907D3 /* NewsModel.swift in Sources */,
				C3D894C62AF81D26005A3FA7 /* ScannerDataViewModel.swift in Sources */,
				C372F3972AF50FEE0094450E /* ViewInsideScanView.swift in Sources */,
				C36CEC412AF81728000CE30D /* LicenseView.swift in Sources */,
				C372F3A42AF529DA0094450E /* TabShape.swift in Sources */,
				C3D894CA2AF8209B005A3FA7 /* ScanView.swift in Sources */,
				C36CEC3C2AF811D7000CE30D /* TermsAndConditionsView.swift in Sources */,
				C343176B2AF9BD45007B59A8 /* LocationManager.swift in Sources */,
				C372F3912AF50DA30094450E /* NewsItem.swift in Sources */,
				C3FBFCAA2AF5459000A907D3 /* NewsListView.swift in Sources */,
				C30263802AFA7A2E005437BB /* NewsDetailView.swift in Sources */,
				C3366C382AF6F80E007CF373 /* SettingsViewModel.swift in Sources */,
				C372F3A22AF529C00094450E /* TabBarView.swift in Sources */,
				C372F39B2AF510020094450E /* SettingsView.swift in Sources */,
				C38C408F2AF3A10A00652E39 /* NewsView.swift in Sources */,
				C372F3952AF50FE10094450E /* HomeView.swift in Sources */,
				C3D894C82AF81D8B005A3FA7 /* DataScannerView.swift in Sources */,
				C372F3A62AF529EE0094450E /* TabPosition.swift in Sources */,
				C36CEC3A2AF803B1000CE30D /* PrivacyPolicyView.swift in Sources */,
				C372F39F2AF529740094450E /* Tab.swift in Sources */,
				C36CEC3F2AF81424000CE30D /* BackButton.swift in Sources */,
				C372F3A82AF5352E0094450E /* ContentView.swift in Sources */,
				C38C408D2AF3A10A00652E39 /* NewlifeApp.swift in Sources */,
				C372F3992AF50FF90094450E /* MapView.swift in Sources */,
			);
			runOnlyForDeploymentPostprocessing = 0;
		};
		C38C40952AF3A10D00652E39 /* Sources */ = {
			isa = PBXSourcesBuildPhase;
			buildActionMask = 2147483647;
			files = (
				C38C409E2AF3A10D00652E39 /* NewlifeTests.swift in Sources */,
			);
			runOnlyForDeploymentPostprocessing = 0;
		};
		C38C409F2AF3A10D00652E39 /* Sources */ = {
			isa = PBXSourcesBuildPhase;
			buildActionMask = 2147483647;
			files = (
				C38C40A82AF3A10D00652E39 /* NewlifeUITests.swift in Sources */,
				C38C40AA2AF3A10D00652E39 /* NewlifeUITestsLaunchTests.swift in Sources */,
			);
			runOnlyForDeploymentPostprocessing = 0;
		};
/* End PBXSourcesBuildPhase section */

/* Begin PBXTargetDependency section */
		C38C409B2AF3A10D00652E39 /* PBXTargetDependency */ = {
			isa = PBXTargetDependency;
			target = C38C40882AF3A10A00652E39 /* Newlife */;
			targetProxy = C38C409A2AF3A10D00652E39 /* PBXContainerItemProxy */;
		};
		C38C40A52AF3A10D00652E39 /* PBXTargetDependency */ = {
			isa = PBXTargetDependency;
			target = C38C40882AF3A10A00652E39 /* Newlife */;
			targetProxy = C38C40A42AF3A10D00652E39 /* PBXContainerItemProxy */;
		};
/* End PBXTargetDependency section */

/* Begin XCBuildConfiguration section */
		C38C40AB2AF3A10D00652E39 /* Debug */ = {
			isa = XCBuildConfiguration;
			buildSettings = {
				ALWAYS_SEARCH_USER_PATHS = NO;
				ASSETCATALOG_COMPILER_GENERATE_SWIFT_ASSET_SYMBOL_EXTENSIONS = YES;
				CLANG_ANALYZER_NONNULL = YES;
				CLANG_ANALYZER_NUMBER_OBJECT_CONVERSION = YES_AGGRESSIVE;
				CLANG_CXX_LANGUAGE_STANDARD = "gnu++20";
				CLANG_ENABLE_MODULES = YES;
				CLANG_ENABLE_OBJC_ARC = YES;
				CLANG_ENABLE_OBJC_WEAK = YES;
				CLANG_WARN_BLOCK_CAPTURE_AUTORELEASING = YES;
				CLANG_WARN_BOOL_CONVERSION = YES;
				CLANG_WARN_COMMA = YES;
				CLANG_WARN_CONSTANT_CONVERSION = YES;
				CLANG_WARN_DEPRECATED_OBJC_IMPLEMENTATIONS = YES;
				CLANG_WARN_DIRECT_OBJC_ISA_USAGE = YES_ERROR;
				CLANG_WARN_DOCUMENTATION_COMMENTS = YES;
				CLANG_WARN_EMPTY_BODY = YES;
				CLANG_WARN_ENUM_CONVERSION = YES;
				CLANG_WARN_INFINITE_RECURSION = YES;
				CLANG_WARN_INT_CONVERSION = YES;
				CLANG_WARN_NON_LITERAL_NULL_CONVERSION = YES;
				CLANG_WARN_OBJC_IMPLICIT_RETAIN_SELF = YES;
				CLANG_WARN_OBJC_LITERAL_CONVERSION = YES;
				CLANG_WARN_OBJC_ROOT_CLASS = YES_ERROR;
				CLANG_WARN_QUOTED_INCLUDE_IN_FRAMEWORK_HEADER = YES;
				CLANG_WARN_RANGE_LOOP_ANALYSIS = YES;
				CLANG_WARN_STRICT_PROTOTYPES = YES;
				CLANG_WARN_SUSPICIOUS_MOVE = YES;
				CLANG_WARN_UNGUARDED_AVAILABILITY = YES_AGGRESSIVE;
				CLANG_WARN_UNREACHABLE_CODE = YES;
				CLANG_WARN__DUPLICATE_METHOD_MATCH = YES;
				COPY_PHASE_STRIP = NO;
				DEBUG_INFORMATION_FORMAT = dwarf;
				ENABLE_STRICT_OBJC_MSGSEND = YES;
				ENABLE_TESTABILITY = YES;
				ENABLE_USER_SCRIPT_SANDBOXING = YES;
				GCC_C_LANGUAGE_STANDARD = gnu17;
				GCC_DYNAMIC_NO_PIC = NO;
				GCC_NO_COMMON_BLOCKS = YES;
				GCC_OPTIMIZATION_LEVEL = 0;
				GCC_PREPROCESSOR_DEFINITIONS = (
					"DEBUG=1",
					"$(inherited)",
				);
				GCC_WARN_64_TO_32_BIT_CONVERSION = YES;
				GCC_WARN_ABOUT_RETURN_TYPE = YES_ERROR;
				GCC_WARN_UNDECLARED_SELECTOR = YES;
				GCC_WARN_UNINITIALIZED_AUTOS = YES_AGGRESSIVE;
				GCC_WARN_UNUSED_FUNCTION = YES;
				GCC_WARN_UNUSED_VARIABLE = YES;
				IPHONEOS_DEPLOYMENT_TARGET = 16.0;
				LOCALIZATION_PREFERS_STRING_CATALOGS = YES;
				MTL_ENABLE_DEBUG_INFO = INCLUDE_SOURCE;
				MTL_FAST_MATH = YES;
				ONLY_ACTIVE_ARCH = YES;
				SDKROOT = iphoneos;
				SWIFT_ACTIVE_COMPILATION_CONDITIONS = "DEBUG $(inherited)";
				SWIFT_OPTIMIZATION_LEVEL = "-Onone";
			};
			name = Debug;
		};
		C38C40AC2AF3A10D00652E39 /* Release */ = {
			isa = XCBuildConfiguration;
			buildSettings = {
				ALWAYS_SEARCH_USER_PATHS = NO;
				ASSETCATALOG_COMPILER_GENERATE_SWIFT_ASSET_SYMBOL_EXTENSIONS = YES;
				CLANG_ANALYZER_NONNULL = YES;
				CLANG_ANALYZER_NUMBER_OBJECT_CONVERSION = YES_AGGRESSIVE;
				CLANG_CXX_LANGUAGE_STANDARD = "gnu++20";
				CLANG_ENABLE_MODULES = YES;
				CLANG_ENABLE_OBJC_ARC = YES;
				CLANG_ENABLE_OBJC_WEAK = YES;
				CLANG_WARN_BLOCK_CAPTURE_AUTORELEASING = YES;
				CLANG_WARN_BOOL_CONVERSION = YES;
				CLANG_WARN_COMMA = YES;
				CLANG_WARN_CONSTANT_CONVERSION = YES;
				CLANG_WARN_DEPRECATED_OBJC_IMPLEMENTATIONS = YES;
				CLANG_WARN_DIRECT_OBJC_ISA_USAGE = YES_ERROR;
				CLANG_WARN_DOCUMENTATION_COMMENTS = YES;
				CLANG_WARN_EMPTY_BODY = YES;
				CLANG_WARN_ENUM_CONVERSION = YES;
				CLANG_WARN_INFINITE_RECURSION = YES;
				CLANG_WARN_INT_CONVERSION = YES;
				CLANG_WARN_NON_LITERAL_NULL_CONVERSION = YES;
				CLANG_WARN_OBJC_IMPLICIT_RETAIN_SELF = YES;
				CLANG_WARN_OBJC_LITERAL_CONVERSION = YES;
				CLANG_WARN_OBJC_ROOT_CLASS = YES_ERROR;
				CLANG_WARN_QUOTED_INCLUDE_IN_FRAMEWORK_HEADER = YES;
				CLANG_WARN_RANGE_LOOP_ANALYSIS = YES;
				CLANG_WARN_STRICT_PROTOTYPES = YES;
				CLANG_WARN_SUSPICIOUS_MOVE = YES;
				CLANG_WARN_UNGUARDED_AVAILABILITY = YES_AGGRESSIVE;
				CLANG_WARN_UNREACHABLE_CODE = YES;
				CLANG_WARN__DUPLICATE_METHOD_MATCH = YES;
				COPY_PHASE_STRIP = NO;
				DEBUG_INFORMATION_FORMAT = "dwarf-with-dsym";
				ENABLE_NS_ASSERTIONS = NO;
				ENABLE_STRICT_OBJC_MSGSEND = YES;
				ENABLE_USER_SCRIPT_SANDBOXING = YES;
				GCC_C_LANGUAGE_STANDARD = gnu17;
				GCC_NO_COMMON_BLOCKS = YES;
				GCC_WARN_64_TO_32_BIT_CONVERSION = YES;
				GCC_WARN_ABOUT_RETURN_TYPE = YES_ERROR;
				GCC_WARN_UNDECLARED_SELECTOR = YES;
				GCC_WARN_UNINITIALIZED_AUTOS = YES_AGGRESSIVE;
				GCC_WARN_UNUSED_FUNCTION = YES;
				GCC_WARN_UNUSED_VARIABLE = YES;
				IPHONEOS_DEPLOYMENT_TARGET = 16.0;
				LOCALIZATION_PREFERS_STRING_CATALOGS = YES;
				MTL_ENABLE_DEBUG_INFO = NO;
				MTL_FAST_MATH = YES;
				SDKROOT = iphoneos;
				SWIFT_COMPILATION_MODE = wholemodule;
				VALIDATE_PRODUCT = YES;
			};
			name = Release;
		};
		C38C40AE2AF3A10D00652E39 /* Debug */ = {
			isa = XCBuildConfiguration;
			baseConfigurationReference = A7C3A8BA9C663DB32A413388 /* Pods-Newlife.debug.xcconfig */;
			buildSettings = {
				ASSETCATALOG_COMPILER_APPICON_NAME = AppIcon;
				ASSETCATALOG_COMPILER_GLOBAL_ACCENT_COLOR_NAME = AccentColor;
				CODE_SIGN_STYLE = Automatic;
				CURRENT_PROJECT_VERSION = 1;
				DEVELOPMENT_ASSET_PATHS = "\"Newlife/Preview Content\"";
				DEVELOPMENT_TEAM = Z3264CP7F3;
				ENABLE_PREVIEWS = YES;
				ENABLE_USER_SCRIPT_SANDBOXING = NO;
				GENERATE_INFOPLIST_FILE = YES;
				INFOPLIST_FILE = Newlife/Info.plist;
				INFOPLIST_KEY_CFBundleDisplayName = Newlife;
				INFOPLIST_KEY_LSApplicationCategoryType = "public.app-category.lifestyle";
				INFOPLIST_KEY_UIApplicationSceneManifest_Generation = YES;
				INFOPLIST_KEY_UIApplicationSupportsIndirectInputEvents = YES;
				INFOPLIST_KEY_UILaunchStoryboardName = "Launch Screen.storyboard";
				INFOPLIST_KEY_UISupportedInterfaceOrientations_iPad = "UIInterfaceOrientationPortrait UIInterfaceOrientationPortraitUpsideDown UIInterfaceOrientationLandscapeLeft UIInterfaceOrientationLandscapeRight";
				INFOPLIST_KEY_UISupportedInterfaceOrientations_iPhone = "UIInterfaceOrientationPortrait UIInterfaceOrientationLandscapeLeft UIInterfaceOrientationLandscapeRight";
				INFOPLIST_KEY_UIUserInterfaceStyle = Light;
				IPHONEOS_DEPLOYMENT_TARGET = 16.0;
				LD_RUNPATH_SEARCH_PATHS = (
					"$(inherited)",
					"@executable_path/Frameworks",
				);
				MARKETING_VERSION = 1.0;
				PRODUCT_BUNDLE_IDENTIFIER = com.giulioaterno.Newlife;
				PRODUCT_NAME = "$(TARGET_NAME)";
				SWIFT_EMIT_LOC_STRINGS = YES;
				SWIFT_VERSION = 5.0;
				TARGETED_DEVICE_FAMILY = "1,2";
			};
			name = Debug;
		};
		C38C40AF2AF3A10D00652E39 /* Release */ = {
			isa = XCBuildConfiguration;
			baseConfigurationReference = 5503C9DEEE399FFEF04144F8 /* Pods-Newlife.release.xcconfig */;
			buildSettings = {
				ASSETCATALOG_COMPILER_APPICON_NAME = AppIcon;
				ASSETCATALOG_COMPILER_GLOBAL_ACCENT_COLOR_NAME = AccentColor;
				CODE_SIGN_STYLE = Automatic;
				CURRENT_PROJECT_VERSION = 1;
				DEVELOPMENT_ASSET_PATHS = "\"Newlife/Preview Content\"";
				DEVELOPMENT_TEAM = Z3264CP7F3;
				ENABLE_PREVIEWS = YES;
				ENABLE_USER_SCRIPT_SANDBOXING = NO;
				GENERATE_INFOPLIST_FILE = YES;
				INFOPLIST_FILE = Newlife/Info.plist;
				INFOPLIST_KEY_CFBundleDisplayName = Newlife;
				INFOPLIST_KEY_LSApplicationCategoryType = "public.app-category.lifestyle";
				INFOPLIST_KEY_UIApplicationSceneManifest_Generation = YES;
				INFOPLIST_KEY_UIApplicationSupportsIndirectInputEvents = YES;
				INFOPLIST_KEY_UILaunchStoryboardName = "Launch Screen.storyboard";
				INFOPLIST_KEY_UISupportedInterfaceOrientations_iPad = "UIInterfaceOrientationPortrait UIInterfaceOrientationPortraitUpsideDown UIInterfaceOrientationLandscapeLeft UIInterfaceOrientationLandscapeRight";
				INFOPLIST_KEY_UISupportedInterfaceOrientations_iPhone = "UIInterfaceOrientationPortrait UIInterfaceOrientationLandscapeLeft UIInterfaceOrientationLandscapeRight";
				INFOPLIST_KEY_UIUserInterfaceStyle = Light;
				IPHONEOS_DEPLOYMENT_TARGET = 16.0;
				LD_RUNPATH_SEARCH_PATHS = (
					"$(inherited)",
					"@executable_path/Frameworks",
				);
				MARKETING_VERSION = 1.0;
				PRODUCT_BUNDLE_IDENTIFIER = com.giulioaterno.Newlife;
				PRODUCT_NAME = "$(TARGET_NAME)";
				SWIFT_EMIT_LOC_STRINGS = YES;
				SWIFT_VERSION = 5.0;
				TARGETED_DEVICE_FAMILY = "1,2";
			};
			name = Release;
		};
		C38C40B12AF3A10D00652E39 /* Debug */ = {
			isa = XCBuildConfiguration;
			buildSettings = {
				ALWAYS_EMBED_SWIFT_STANDARD_LIBRARIES = YES;
				BUNDLE_LOADER = "$(TEST_HOST)";
				CODE_SIGN_STYLE = Automatic;
				CURRENT_PROJECT_VERSION = 1;
				DEVELOPMENT_TEAM = Z3264CP7F3;
				GENERATE_INFOPLIST_FILE = YES;
				IPHONEOS_DEPLOYMENT_TARGET = 17.0;
				MARKETING_VERSION = 1.0;
				PRODUCT_BUNDLE_IDENTIFIER = com.giulioaterno.NewlifeTests;
				PRODUCT_NAME = "$(TARGET_NAME)";
				SWIFT_EMIT_LOC_STRINGS = NO;
				SWIFT_VERSION = 5.0;
				TARGETED_DEVICE_FAMILY = "1,2";
				TEST_HOST = "$(BUILT_PRODUCTS_DIR)/Newlife.app/$(BUNDLE_EXECUTABLE_FOLDER_PATH)/Newlife";
			};
			name = Debug;
		};
		C38C40B22AF3A10D00652E39 /* Release */ = {
			isa = XCBuildConfiguration;
			buildSettings = {
				ALWAYS_EMBED_SWIFT_STANDARD_LIBRARIES = YES;
				BUNDLE_LOADER = "$(TEST_HOST)";
				CODE_SIGN_STYLE = Automatic;
				CURRENT_PROJECT_VERSION = 1;
				DEVELOPMENT_TEAM = Z3264CP7F3;
				GENERATE_INFOPLIST_FILE = YES;
				IPHONEOS_DEPLOYMENT_TARGET = 17.0;
				MARKETING_VERSION = 1.0;
				PRODUCT_BUNDLE_IDENTIFIER = com.giulioaterno.NewlifeTests;
				PRODUCT_NAME = "$(TARGET_NAME)";
				SWIFT_EMIT_LOC_STRINGS = NO;
				SWIFT_VERSION = 5.0;
				TARGETED_DEVICE_FAMILY = "1,2";
				TEST_HOST = "$(BUILT_PRODUCTS_DIR)/Newlife.app/$(BUNDLE_EXECUTABLE_FOLDER_PATH)/Newlife";
			};
			name = Release;
		};
		C38C40B42AF3A10D00652E39 /* Debug */ = {
			isa = XCBuildConfiguration;
			buildSettings = {
				ALWAYS_EMBED_SWIFT_STANDARD_LIBRARIES = YES;
				CODE_SIGN_STYLE = Automatic;
				CURRENT_PROJECT_VERSION = 1;
				DEVELOPMENT_TEAM = Z3264CP7F3;
				GENERATE_INFOPLIST_FILE = YES;
				MARKETING_VERSION = 1.0;
				PRODUCT_BUNDLE_IDENTIFIER = com.giulioaterno.NewlifeUITests;
				PRODUCT_NAME = "$(TARGET_NAME)";
				SWIFT_EMIT_LOC_STRINGS = NO;
				SWIFT_VERSION = 5.0;
				TARGETED_DEVICE_FAMILY = "1,2";
				TEST_TARGET_NAME = Newlife;
			};
			name = Debug;
		};
		C38C40B52AF3A10D00652E39 /* Release */ = {
			isa = XCBuildConfiguration;
			buildSettings = {
				ALWAYS_EMBED_SWIFT_STANDARD_LIBRARIES = YES;
				CODE_SIGN_STYLE = Automatic;
				CURRENT_PROJECT_VERSION = 1;
				DEVELOPMENT_TEAM = Z3264CP7F3;
				GENERATE_INFOPLIST_FILE = YES;
				MARKETING_VERSION = 1.0;
				PRODUCT_BUNDLE_IDENTIFIER = com.giulioaterno.NewlifeUITests;
				PRODUCT_NAME = "$(TARGET_NAME)";
				SWIFT_EMIT_LOC_STRINGS = NO;
				SWIFT_VERSION = 5.0;
				TARGETED_DEVICE_FAMILY = "1,2";
				TEST_TARGET_NAME = Newlife;
			};
			name = Release;
		};
/* End XCBuildConfiguration section */

/* Begin XCConfigurationList section */
		C38C40842AF3A10A00652E39 /* Build configuration list for PBXProject "Newlife" */ = {
			isa = XCConfigurationList;
			buildConfigurations = (
				C38C40AB2AF3A10D00652E39 /* Debug */,
				C38C40AC2AF3A10D00652E39 /* Release */,
			);
			defaultConfigurationIsVisible = 0;
			defaultConfigurationName = Release;
		};
		C38C40AD2AF3A10D00652E39 /* Build configuration list for PBXNativeTarget "Newlife" */ = {
			isa = XCConfigurationList;
			buildConfigurations = (
				C38C40AE2AF3A10D00652E39 /* Debug */,
				C38C40AF2AF3A10D00652E39 /* Release */,
			);
			defaultConfigurationIsVisible = 0;
			defaultConfigurationName = Release;
		};
		C38C40B02AF3A10D00652E39 /* Build configuration list for PBXNativeTarget "NewlifeTests" */ = {
			isa = XCConfigurationList;
			buildConfigurations = (
				C38C40B12AF3A10D00652E39 /* Debug */,
				C38C40B22AF3A10D00652E39 /* Release */,
			);
			defaultConfigurationIsVisible = 0;
			defaultConfigurationName = Release;
		};
		C38C40B32AF3A10D00652E39 /* Build configuration list for PBXNativeTarget "NewlifeUITests" */ = {
			isa = XCConfigurationList;
			buildConfigurations = (
				C38C40B42AF3A10D00652E39 /* Debug */,
				C38C40B52AF3A10D00652E39 /* Release */,
			);
			defaultConfigurationIsVisible = 0;
			defaultConfigurationName = Release;
		};
/* End XCConfigurationList section */

/* Begin XCRemoteSwiftPackageReference section */
		C36CEC422AF81AD6000CE30D /* XCRemoteSwiftPackageReference "CodeScanner" */ = {
			isa = XCRemoteSwiftPackageReference;
			repositoryURL = "https://github.com/twostraws/CodeScanner.git";
			requirement = {
				kind = upToNextMajorVersion;
				minimumVersion = 2.3.3;
			};
		};
/* End XCRemoteSwiftPackageReference section */

/* Begin XCSwiftPackageProductDependency section */
		C36CEC432AF81AD6000CE30D /* CodeScanner */ = {
			isa = XCSwiftPackageProductDependency;
			package = C36CEC422AF81AD6000CE30D /* XCRemoteSwiftPackageReference "CodeScanner" */;
			productName = CodeScanner;
		};
/* End XCSwiftPackageProductDependency section */
	};
	rootObject = C38C40812AF3A10A00652E39 /* Project object */;
}
